
Microsoft Visual Studio Solution File, Format Version 12.00
# Visual Studio 2012
Project("{8BC9CEB8-8B4A-11D0-8D11-00A0C91BC942}") = "Core", "..\Libraries\Core\Core.vcxproj", "{49B272EE-00C8-4AC9-A6A6-2FC4931D3B8B}"
EndProject
Project("{8BC9CEB8-8B4A-11D0-8D11-00A0C91BC942}") = "Pom", "..\Libraries\Pom\Pom.vcxproj", "{5B7800AF-4C9D-48F3-8D9E-97B345931C3C}"
EndProject
Project("{8BC9CEB8-8B4A-11D0-8D11-00A0C91BC942}") = "TestCC1101", "Projects\TestCC1101\TestCC1101.vcxproj", "{EDBC4145-2C78-414D-9AA2-2FD9D03B933F}"
EndProject
Project("{8BC9CEB8-8B4A-11D0-8D11-00A0C91BC942}") = "Libc", "..\Libraries\AVR Libc\Libc.vcxproj", "{D56077A8-28D5-4586-89C7-C65737B521B0}"
EndProject
Project("{8BC9CEB8-8B4A-11D0-8D11-00A0C91BC942}") = "Libraries", "..\Libraries\Libraries\Libraries.vcxproj", "{9D3E4D80-6CD8-4218-AF35-5FC5ADA47296}"
EndProject
Project("{2150E333-8FDC-42A3-9474-1A3956D46DE8}") = "Libs", "Libs", "{7B5D547E-B6D9-4FD9-9464-B9B1454173E0}"
EndProject
Project("{8BC9CEB8-8B4A-11D0-8D11-00A0C91BC942}") = "TestPAM8610", "Projects\TestPAM8610\TestPAM8610.vcxproj", "{4A00317A-38CD-492B-AFEB-BF496DCB0497}"
EndProject
Project("{8BC9CEB8-8B4A-11D0-8D11-00A0C91BC942}") = "TestMCP4725", "Projects\TestMCP4725\TestMCP4725.vcxproj", "{C5F80730-F44F-4478-BDAE-6634EFC2CA88}"
EndProject
Project("{8BC9CEB8-8B4A-11D0-8D11-00A0C91BC942}") = "TestR2RDAC", "Projects\TestR2RDAC\TestR2RDAC.vcxproj", "{0022B744-A134-4298-B56F-9290E0CC8145}"
EndProject
Global
	GlobalSection(SolutionConfigurationPlatforms) = preSolution
		Debug|Win32 = Debug|Win32
		Release|Win32 = Release|Win32
	EndGlobalSection
	GlobalSection(ProjectConfigurationPlatforms) = postSolution
		{49B272EE-00C8-4AC9-A6A6-2FC4931D3B8B}.Debug|Win32.ActiveCfg = Debug|Win32
		{49B272EE-00C8-4AC9-A6A6-2FC4931D3B8B}.Debug|Win32.Build.0 = Debug|Win32
		{49B272EE-00C8-4AC9-A6A6-2FC4931D3B8B}.Release|Win32.ActiveCfg = Release|Win32
		{49B272EE-00C8-4AC9-A6A6-2FC4931D3B8B}.Release|Win32.Build.0 = Release|Win32
		{5B7800AF-4C9D-48F3-8D9E-97B345931C3C}.Debug|Win32.ActiveCfg = Debug|Win32
		{5B7800AF-4C9D-48F3-8D9E-97B345931C3C}.Debug|Win32.Build.0 = Debug|Win32
		{5B7800AF-4C9D-48F3-8D9E-97B345931C3C}.Release|Win32.ActiveCfg = Release|Win32
		{5B7800AF-4C9D-48F3-8D9E-97B345931C3C}.Release|Win32.Build.0 = Release|Win32
		{EDBC4145-2C78-414D-9AA2-2FD9D03B933F}.Debug|Win32.ActiveCfg = Debug|Win32
		{EDBC4145-2C78-414D-9AA2-2FD9D03B933F}.Debug|Win32.Build.0 = Debug|Win32
		{EDBC4145-2C78-414D-9AA2-2FD9D03B933F}.Release|Win32.ActiveCfg = Release|Win32
		{EDBC4145-2C78-414D-9AA2-2FD9D03B933F}.Release|Win32.Build.0 = Release|Win32
		{D56077A8-28D5-4586-89C7-C65737B521B0}.Debug|Win32.ActiveCfg = Debug|Win32
		{D56077A8-28D5-4586-89C7-C65737B521B0}.Debug|Win32.Build.0 = Debug|Win32
		{D56077A8-28D5-4586-89C7-C65737B521B0}.Release|Win32.ActiveCfg = Release|Win32
		{D56077A8-28D5-4586-89C7-C65737B521B0}.Release|Win32.Build.0 = Release|Win32
		{9D3E4D80-6CD8-4218-AF35-5FC5ADA47296}.Debug|Win32.ActiveCfg = Debug|Win32
		{9D3E4D80-6CD8-4218-AF35-5FC5ADA47296}.Debug|Win32.Build.0 = Debug|Win32
		{9D3E4D80-6CD8-4218-AF35-5FC5ADA47296}.Release|Win32.ActiveCfg = Release|Win32
		{9D3E4D80-6CD8-4218-AF35-5FC5ADA47296}.Release|Win32.Build.0 = Release|Win32
		{4A00317A-38CD-492B-AFEB-BF496DCB0497}.Debug|Win32.ActiveCfg = Debug|Win32
		{4A00317A-38CD-492B-AFEB-BF496DCB0497}.Debug|Win32.Build.0 = Debug|Win32
		{4A00317A-38CD-492B-AFEB-BF496DCB0497}.Release|Win32.ActiveCfg = Release|Win32
		{4A00317A-38CD-492B-AFEB-BF496DCB0497}.Release|Win32.Build.0 = Release|Win32
		{C5F80730-F44F-4478-BDAE-6634EFC2CA88}.Debug|Win32.ActiveCfg = Debug|Win32
		{C5F80730-F44F-4478-BDAE-6634EFC2CA88}.Debug|Win32.Build.0 = Debug|Win32
		{C5F80730-F44F-4478-BDAE-6634EFC2CA88}.Release|Win32.ActiveCfg = Release|Win32
		{C5F80730-F44F-4478-BDAE-6634EFC2CA88}.Release|Win32.Build.0 = Release|Win32
		{0022B744-A134-4298-B56F-9290E0CC8145}.Debug|Win32.ActiveCfg = Debug|Win32
		{0022B744-A134-4298-B56F-9290E0CC8145}.Debug|Win32.Build.0 = Debug|Win32
		{0022B744-A134-4298-B56F-9290E0CC8145}.Release|Win32.ActiveCfg = Release|Win32
		{0022B744-A134-4298-B56F-9290E0CC8145}.Release|Win32.Build.0 = Release|Win32
	EndGlobalSection
	GlobalSection(SolutionProperties) = preSolution
		HideSolutionNode = FALSE
	EndGlobalSection
	GlobalSection(NestedProjects) = preSolution
		{5B7800AF-4C9D-48F3-8D9E-97B345931C3C} = {7B5D547E-B6D9-4FD9-9464-B9B1454173E0}
		{D56077A8-28D5-4586-89C7-C65737B521B0} = {7B5D547E-B6D9-4FD9-9464-B9B1454173E0}
		{9D3E4D80-6CD8-4218-AF35-5FC5ADA47296} = {7B5D547E-B6D9-4FD9-9464-B9B1454173E0}
		{49B272EE-00C8-4AC9-A6A6-2FC4931D3B8B} = {7B5D547E-B6D9-4FD9-9464-B9B1454173E0}
	EndGlobalSection
EndGlobal
