<?xml version="1.0" encoding="utf-8"?>
<Project ToolsVersion="4.0" xmlns="http://schemas.microsoft.com/developer/msbuild/2003">
  <ItemGroup>
    <ClInclude Include="__vm\.RFID.vsarduino.h" />
  </ItemGroup>
  <ItemGroup>
    <None Include="Lesson 21 - RFID.ino" />
  </ItemGroup>
  <ItemGroup>
    <ClCompile Include="RFID.cpp" />
  </ItemGroup>
</Project>